
Microsoft Visual Studio Solution File, Format Version 12.00
# Visual Studio 15
VisualStudioVersion = 15.0.28010.2046
MinimumVisualStudioVersion = 10.0.40219.1
Project("{FAE04EC0-301F-11D3-BF4B-00C04F79EFBC}") = "CallContextDemo", "CallContextDemo\CallContextDemo.csproj", "{CAEDB8DD-35EE-4E18-82D1-72B68303B10D}"
EndProject
Global
	GlobalSection(SolutionConfigurationPlatforms) = preSolution
		Debug|Any CPU = Debug|Any CPU
		Release|Any CPU = Release|Any CPU
	EndGlobalSection
	GlobalSection(ProjectConfigurationPlatforms) = postSolution
		{CAEDB8DD-35EE-4E18-82D1-72B68303B10D}.Debug|Any CPU.ActiveCfg = Debug|Any CPU
		{CAEDB8DD-35EE-4E18-82D1-72B68303B10D}.Debug|Any CPU.Build.0 = Debug|Any CPU
		{CAEDB8DD-35EE-4E18-82D1-72B68303B10D}.Release|Any CPU.ActiveCfg = Release|Any CPU
		{CAEDB8DD-35EE-4E18-82D1-72B68303B10D}.Release|Any CPU.Build.0 = Release|Any CPU
	EndGlobalSection
	GlobalSection(SolutionProperties) = preSolution
		HideSolutionNode = FALSE
	EndGlobalSection
	GlobalSection(ExtensibilityGlobals) = postSolution
		SolutionGuid = {EF80C66F-F6D5-4013-9043-BF42C9222841}
	EndGlobalSection
EndGlobal
